
Microsoft Visual Studio Solution File, Format Version 12.00
# Visual Studio 15
VisualStudioVersion = 15.0.28307.572
MinimumVisualStudioVersion = 10.0.40219.1
Project("{FAE04EC0-301F-11D3-BF4B-00C04F79EFBC}") = "Exercicio-Shape", "Exercicio-Shape\Exercicio-Shape.csproj", "{F9F8F5B2-A322-4374-8625-A7769441E60A}"
EndProject
Global
	GlobalSection(SolutionConfigurationPlatforms) = preSolution
		Debug|Any CPU = Debug|Any CPU
		Release|Any CPU = Release|Any CPU
	EndGlobalSection
	GlobalSection(ProjectConfigurationPlatforms) = postSolution
		{F9F8F5B2-A322-4374-8625-A7769441E60A}.Debug|Any CPU.ActiveCfg = Debug|Any CPU
		{F9F8F5B2-A322-4374-8625-A7769441E60A}.Debug|Any CPU.Build.0 = Debug|Any CPU
		{F9F8F5B2-A322-4374-8625-A7769441E60A}.Release|Any CPU.ActiveCfg = Release|Any CPU
		{F9F8F5B2-A322-4374-8625-A7769441E60A}.Release|Any CPU.Build.0 = Release|Any CPU
	EndGlobalSection
	GlobalSection(SolutionProperties) = preSolution
		HideSolutionNode = FALSE
	EndGlobalSection
	GlobalSection(ExtensibilityGlobals) = postSolution
		SolutionGuid = {ABC4D79A-D4D1-475A-8E1B-331658A32ADB}
	EndGlobalSection
EndGlobal
